// !$*UTF8*$!
{
	archiveVersion = 1;
	classes = {
	};
	objectVersion = 56;
	objects = {

/* Begin PBXBuildFile section */
		CEB4EBFB2CBA18FB004D3599 /* ShkarovskyProjectAppApp.swift in Sources */ = {isa = PBXBuildFile; fileRef = CEB4EBFA2CBA18FB004D3599 /* ShkarovskyProjectAppApp.swift */; };
		CEB4EBFD2CBA18FB004D3599 /* ContentView.swift in Sources */ = {isa = PBXBuildFile; fileRef = CEB4EBFC2CBA18FB004D3599 /* ContentView.swift */; };
		CEB4EBFF2CBA18FD004D3599 /* Assets.xcassets in Resources */ = {isa = PBXBuildFile; fileRef = CEB4EBFE2CBA18FD004D3599 /* Assets.xcassets */; };
		CEB4EC022CBA18FD004D3599 /* Preview Assets.xcassets in Resources */ = {isa = PBXBuildFile; fileRef = CEB4EC012CBA18FD004D3599 /* Preview Assets.xcassets */; };
		CEB4EC0C2CBA18FD004D3599 /* ShkarovskyProjectAppTests.swift in Sources */ = {isa = PBXBuildFile; fileRef = CEB4EC0B2CBA18FD004D3599 /* ShkarovskyProjectAppTests.swift */; };
		CEB4EC162CBA18FD004D3599 /* ShkarovskyProjectAppUITests.swift in Sources */ = {isa = PBXBuildFile; fileRef = CEB4EC152CBA18FD004D3599 /* ShkarovskyProjectAppUITests.swift */; };
		CEB4EC182CBA18FD004D3599 /* ShkarovskyProjectAppUITestsLaunchTests.swift in Sources */ = {isa = PBXBuildFile; fileRef = CEB4EC172CBA18FD004D3599 /* ShkarovskyProjectAppUITestsLaunchTests.swift */; };
/* End PBXBuildFile section */

/* Begin PBXContainerItemProxy section */
		CEB4EC082CBA18FD004D3599 /* PBXContainerItemProxy */ = {
			isa = PBXContainerItemProxy;
			containerPortal = CEB4EBEF2CBA18FB004D3599 /* Project object */;
			proxyType = 1;
			remoteGlobalIDString = CEB4EBF62CBA18FB004D3599;
			remoteInfo = ShkarovskyProjectApp;
		};
		CEB4EC122CBA18FD004D3599 /* PBXContainerItemProxy */ = {
			isa = PBXContainerItemProxy;
			containerPortal = CEB4EBEF2CBA18FB004D3599 /* Project object */;
			proxyType = 1;
			remoteGlobalIDString = CEB4EBF62CBA18FB004D3599;
			remoteInfo = ShkarovskyProjectApp;
		};
/* End PBXContainerItemProxy section */

/* Begin PBXFileReference section */
		CEB4EBF72CBA18FB004D3599 /* ShkarovskyProjectApp.app */ = {isa = PBXFileReference; explicitFileType = wrapper.application; includeInIndex = 0; path = ShkarovskyProjectApp.app; sourceTree = BUILT_PRODUCTS_DIR; };
		CEB4EBFA2CBA18FB004D3599 /* ShkarovskyProjectAppApp.swift */ = {isa = PBXFileReference; lastKnownFileType = sourcecode.swift; path = ShkarovskyProjectAppApp.swift; sourceTree = "<group>"; };
		CEB4EBFC2CBA18FB004D3599 /* ContentView.swift */ = {isa = PBXFileReference; lastKnownFileType = sourcecode.swift; path = ContentView.swift; sourceTree = "<group>"; };
		CEB4EBFE2CBA18FD004D3599 /* Assets.xcassets */ = {isa = PBXFileReference; lastKnownFileType = folder.assetcatalog; path = Assets.xcassets; sourceTree = "<group>"; };
		CEB4EC012CBA18FD004D3599 /* Preview Assets.xcassets */ = {isa = PBXFileReference; lastKnownFileType = folder.assetcatalog; path = "Preview Assets.xcassets"; sourceTree = "<group>"; };
		CEB4EC072CBA18FD004D3599 /* ShkarovskyProjectAppTests.xctest */ = {isa = PBXFileReference; explicitFileType = wrapper.cfbundle; includeInIndex = 0; path = ShkarovskyProjectAppTests.xctest; sourceTree = BUILT_PRODUCTS_DIR; };
		CEB4EC0B2CBA18FD004D3599 /* ShkarovskyProjectAppTests.swift */ = {isa = PBXFileReference; lastKnownFileType = sourcecode.swift; path = ShkarovskyProjectAppTests.swift; sourceTree = "<group>"; };
		CEB4EC112CBA18FD004D3599 /* ShkarovskyProjectAppUITests.xctest */ = {isa = PBXFileReference; explicitFileType = wrapper.cfbundle; includeInIndex = 0; path = ShkarovskyProjectAppUITests.xctest; sourceTree = BUILT_PRODUCTS_DIR; };
		CEB4EC152CBA18FD004D3599 /* ShkarovskyProjectAppUITests.swift */ = {isa = PBXFileReference; lastKnownFileType = sourcecode.swift; path = ShkarovskyProjectAppUITests.swift; sourceTree = "<group>"; };
		CEB4EC172CBA18FD004D3599 /* ShkarovskyProjectAppUITestsLaunchTests.swift */ = {isa = PBXFileReference; lastKnownFileType = sourcecode.swift; path = ShkarovskyProjectAppUITestsLaunchTests.swift; sourceTree = "<group>"; };
/* End PBXFileReference section */

/* Begin PBXFrameworksBuildPhase section */
		CEB4EBF42CBA18FB004D3599 /* Frameworks */ = {
			isa = PBXFrameworksBuildPhase;
			buildActionMask = 2147483647;
			files = (
			);
			runOnlyForDeploymentPostprocessing = 0;
		};
		CEB4EC042CBA18FD004D3599 /* Frameworks */ = {
			isa = PBXFrameworksBuildPhase;
			buildActionMask = 2147483647;
			files = (
			);
			runOnlyForDeploymentPostprocessing = 0;
		};
		CEB4EC0E2CBA18FD004D3599 /* Frameworks */ = {
			isa = PBXFrameworksBuildPhase;
			buildActionMask = 2147483647;
			files = (
			);
			runOnlyForDeploymentPostprocessing = 0;
		};
/* End PBXFrameworksBuildPhase section */

/* Begin PBXGroup section */
		CEB4EBEE2CBA18FB004D3599 = {
			isa = PBXGroup;
			children = (
				CEB4EBF92CBA18FB004D3599 /* ShkarovskyProjectApp */,
				CEB4EC0A2CBA18FD004D3599 /* ShkarovskyProjectAppTests */,
				CEB4EC142CBA18FD004D3599 /* ShkarovskyProjectAppUITests */,
				CEB4EBF82CBA18FB004D3599 /* Products */,
			);
			sourceTree = "<group>";
		};
		CEB4EBF82CBA18FB004D3599 /* Products */ = {
			isa = PBXGroup;
			children = (
				CEB4EBF72CBA18FB004D3599 /* ShkarovskyProjectApp.app */,
				CEB4EC072CBA18FD004D3599 /* ShkarovskyProjectAppTests.xctest */,
				CEB4EC112CBA18FD004D3599 /* ShkarovskyProjectAppUITests.xctest */,
			);
			name = Products;
			sourceTree = "<group>";
		};
		CEB4EBF92CBA18FB004D3599 /* ShkarovskyProjectApp */ = {
			isa = PBXGroup;
			children = (
				CEB4EBFA2CBA18FB004D3599 /* ShkarovskyProjectAppApp.swift */,
				CEB4EBFC2CBA18FB004D3599 /* ContentView.swift */,
				CEB4EBFE2CBA18FD004D3599 /* Assets.xcassets */,
				CEB4EC002CBA18FD004D3599 /* Preview Content */,
			);
			path = ShkarovskyProjectApp;
			sourceTree = "<group>";
		};
		CEB4EC002CBA18FD004D3599 /* Preview Content */ = {
			isa = PBXGroup;
			children = (
				CEB4EC012CBA18FD004D3599 /* Preview Assets.xcassets */,
			);
			path = "Preview Content";
			sourceTree = "<group>";
		};
		CEB4EC0A2CBA18FD004D3599 /* ShkarovskyProjectAppTests */ = {
			isa = PBXGroup;
			children = (
				CEB4EC0B2CBA18FD004D3599 /* ShkarovskyProjectAppTests.swift */,
			);
			path = ShkarovskyProjectAppTests;
			sourceTree = "<group>";
		};
		CEB4EC142CBA18FD004D3599 /* ShkarovskyProjectAppUITests */ = {
			isa = PBXGroup;
			children = (
				CEB4EC152CBA18FD004D3599 /* ShkarovskyProjectAppUITests.swift */,
				CEB4EC172CBA18FD004D3599 /* ShkarovskyProjectAppUITestsLaunchTests.swift */,
			);
			path = ShkarovskyProjectAppUITests;
			sourceTree = "<group>";
		};
/* End PBXGroup section */

/* Begin PBXNativeTarget section */
		CEB4EBF62CBA18FB004D3599 /* ShkarovskyProjectApp */ = {
			isa = PBXNativeTarget;
			buildConfigurationList = CEB4EC1B2CBA18FD004D3599 /* Build configuration list for PBXNativeTarget "ShkarovskyProjectApp" */;
			buildPhases = (
				CEB4EBF32CBA18FB004D3599 /* Sources */,
				CEB4EBF42CBA18FB004D3599 /* Frameworks */,
				CEB4EBF52CBA18FB004D3599 /* Resources */,
			);
			buildRules = (
			);
			dependencies = (
			);
			name = ShkarovskyProjectApp;
			productName = ShkarovskyProjectApp;
			productReference = CEB4EBF72CBA18FB004D3599 /* ShkarovskyProjectApp.app */;
			productType = "com.apple.product-type.application";
		};
		CEB4EC062CBA18FD004D3599 /* ShkarovskyProjectAppTests */ = {
			isa = PBXNativeTarget;
			buildConfigurationList = CEB4EC1E2CBA18FD004D3599 /* Build configuration list for PBXNativeTarget "ShkarovskyProjectAppTests" */;
			buildPhases = (
				CEB4EC032CBA18FD004D3599 /* Sources */,
				CEB4EC042CBA18FD004D3599 /* Frameworks */,
				CEB4EC052CBA18FD004D3599 /* Resources */,
			);
			buildRules = (
			);
			dependencies = (
				CEB4EC092CBA18FD004D3599 /* PBXTargetDependency */,
			);
			name = ShkarovskyProjectAppTests;
			productName = ShkarovskyProjectAppTests;
			productReference = CEB4EC072CBA18FD004D3599 /* ShkarovskyProjectAppTests.xctest */;
			productType = "com.apple.product-type.bundle.unit-test";
		};
		CEB4EC102CBA18FD004D3599 /* ShkarovskyProjectAppUITests */ = {
			isa = PBXNativeTarget;
			buildConfigurationList = CEB4EC212CBA18FD004D3599 /* Build configuration list for PBXNativeTarget "ShkarovskyProjectAppUITests" */;
			buildPhases = (
				CEB4EC0D2CBA18FD004D3599 /* Sources */,
				CEB4EC0E2CBA18FD004D3599 /* Frameworks */,
				CEB4EC0F2CBA18FD004D3599 /* Resources */,
			);
			buildRules = (
			);
			dependencies = (
				CEB4EC132CBA18FD004D3599 /* PBXTargetDependency */,
			);
			name = ShkarovskyProjectAppUITests;
			productName = ShkarovskyProjectAppUITests;
			productReference = CEB4EC112CBA18FD004D3599 /* ShkarovskyProjectAppUITests.xctest */;
			productType = "com.apple.product-type.bundle.ui-testing";
		};
/* End PBXNativeTarget section */

/* Begin PBXProject section */
		CEB4EBEF2CBA18FB004D3599 /* Project object */ = {
			isa = PBXProject;
			attributes = {
				BuildIndependentTargetsInParallel = 1;
				LastSwiftUpdateCheck = 1530;
				LastUpgradeCheck = 1530;
				TargetAttributes = {
					CEB4EBF62CBA18FB004D3599 = {
						CreatedOnToolsVersion = 15.3;
					};
					CEB4EC062CBA18FD004D3599 = {
						CreatedOnToolsVersion = 15.3;
						TestTargetID = CEB4EBF62CBA18FB004D3599;
					};
					CEB4EC102CBA18FD004D3599 = {
						CreatedOnToolsVersion = 15.3;
						TestTargetID = CEB4EBF62CBA18FB004D3599;
					};
				};
			};
			buildConfigurationList = CEB4EBF22CBA18FB004D3599 /* Build configuration list for PBXProject "ShkarovskyProjectApp" */;
			compatibilityVersion = "Xcode 14.0";
			developmentRegion = en;
			hasScannedForEncodings = 0;
			knownRegions = (
				en,
				Base,
			);
			mainGroup = CEB4EBEE2CBA18FB004D3599;
			productRefGroup = CEB4EBF82CBA18FB004D3599 /* Products */;
			projectDirPath = "";
			projectRoot = "";
			targets = (
				CEB4EBF62CBA18FB004D3599 /* ShkarovskyProjectApp */,
				CEB4EC062CBA18FD004D3599 /* ShkarovskyProjectAppTests */,
				CEB4EC102CBA18FD004D3599 /* ShkarovskyProjectAppUITests */,
			);
		};
/* End PBXProject section */

/* Begin PBXResourcesBuildPhase section */
		CEB4EBF52CBA18FB004D3599 /* Resources */ = {
			isa = PBXResourcesBuildPhase;
			buildActionMask = 2147483647;
			files = (
				CEB4EC022CBA18FD004D3599 /* Preview Assets.xcassets in Resources */,
				CEB4EBFF2CBA18FD004D3599 /* Assets.xcassets in Resources */,
			);
			runOnlyForDeploymentPostprocessing = 0;
		};
		CEB4EC052CBA18FD004D3599 /* Resources */ = {
			isa = PBXResourcesBuildPhase;
			buildActionMask = 2147483647;
			files = (
			);
			runOnlyForDeploymentPostprocessing = 0;
		};
		CEB4EC0F2CBA18FD004D3599 /* Resources */ = {
			isa = PBXResourcesBuildPhase;
			buildActionMask = 2147483647;
			files = (
			);
			runOnlyForDeploymentPostprocessing = 0;
		};
/* End PBXResourcesBuildPhase section */

/* Begin PBXSourcesBuildPhase section */
		CEB4EBF32CBA18FB004D3599 /* Sources */ = {
			isa = PBXSourcesBuildPhase;
			buildActionMask = 2147483647;
			files = (
				CEB4EBFD2CBA18FB004D3599 /* ContentView.swift in Sources */,
				CEB4EBFB2CBA18FB004D3599 /* ShkarovskyProjectAppApp.swift in Sources */,
			);
			runOnlyForDeploymentPostprocessing = 0;
		};
		CEB4EC032CBA18FD004D3599 /* Sources */ = {
			isa = PBXSourcesBuildPhase;
			buildActionMask = 2147483647;
			files = (
				CEB4EC0C2CBA18FD004D3599 /* ShkarovskyProjectAppTests.swift in Sources */,
			);
			runOnlyForDeploymentPostprocessing = 0;
		};
		CEB4EC0D2CBA18FD004D3599 /* Sources */ = {
			isa = PBXSourcesBuildPhase;
			buildActionMask = 2147483647;
			files = (
				CEB4EC162CBA18FD004D3599 /* ShkarovskyProjectAppUITests.swift in Sources */,
				CEB4EC182CBA18FD004D3599 /* ShkarovskyProjectAppUITestsLaunchTests.swift in Sources */,
			);
			runOnlyForDeploymentPostprocessing = 0;
		};
/* End PBXSourcesBuildPhase section */

/* Begin PBXTargetDependency section */
		CEB4EC092CBA18FD004D3599 /* PBXTargetDependency */ = {
			isa = PBXTargetDependency;
			target = CEB4EBF62CBA18FB004D3599 /* ShkarovskyProjectApp */;
			targetProxy = CEB4EC082CBA18FD004D3599 /* PBXContainerItemProxy */;
		};
		CEB4EC132CBA18FD004D3599 /* PBXTargetDependency */ = {
			isa = PBXTargetDependency;
			target = CEB4EBF62CBA18FB004D3599 /* ShkarovskyProjectApp */;
			targetProxy = CEB4EC122CBA18FD004D3599 /* PBXContainerItemProxy */;
		};
/* End PBXTargetDependency section */

/* Begin XCBuildConfiguration section */
		CEB4EC192CBA18FD004D3599 /* Debug */ = {
			isa = XCBuildConfiguration;
			buildSettings = {
				ALWAYS_SEARCH_USER_PATHS = NO;
				ASSETCATALOG_COMPILER_GENERATE_SWIFT_ASSET_SYMBOL_EXTENSIONS = YES;
				CLANG_ANALYZER_NONNULL = YES;
				CLANG_ANALYZER_NUMBER_OBJECT_CONVERSION = YES_AGGRESSIVE;
				CLANG_CXX_LANGUAGE_STANDARD = "gnu++20";
				CLANG_ENABLE_MODULES = YES;
				CLANG_ENABLE_OBJC_ARC = YES;
				CLANG_ENABLE_OBJC_WEAK = YES;
				CLANG_WARN_BLOCK_CAPTURE_AUTORELEASING = YES;
				CLANG_WARN_BOOL_CONVERSION = YES;
				CLANG_WARN_COMMA = YES;
				CLANG_WARN_CONSTANT_CONVERSION = YES;
				CLANG_WARN_DEPRECATED_OBJC_IMPLEMENTATIONS = YES;
				CLANG_WARN_DIRECT_OBJC_ISA_USAGE = YES_ERROR;
				CLANG_WARN_DOCUMENTATION_COMMENTS = YES;
				CLANG_WARN_EMPTY_BODY = YES;
				CLANG_WARN_ENUM_CONVERSION = YES;
				CLANG_WARN_INFINITE_RECURSION = YES;
				CLANG_WARN_INT_CONVERSION = YES;
				CLANG_WARN_NON_LITERAL_NULL_CONVERSION = YES;
				CLANG_WARN_OBJC_IMPLICIT_RETAIN_SELF = YES;
				CLANG_WARN_OBJC_LITERAL_CONVERSION = YES;
				CLANG_WARN_OBJC_ROOT_CLASS = YES_ERROR;
				CLANG_WARN_QUOTED_INCLUDE_IN_FRAMEWORK_HEADER = YES;
				CLANG_WARN_RANGE_LOOP_ANALYSIS = YES;
				CLANG_WARN_STRICT_PROTOTYPES = YES;
				CLANG_WARN_SUSPICIOUS_MOVE = YES;
				CLANG_WARN_UNGUARDED_AVAILABILITY = YES_AGGRESSIVE;
				CLANG_WARN_UNREACHABLE_CODE = YES;
				CLANG_WARN__DUPLICATE_METHOD_MATCH = YES;
				COPY_PHASE_STRIP = NO;
				DEBUG_INFORMATION_FORMAT = dwarf;
				ENABLE_STRICT_OBJC_MSGSEND = YES;
				ENABLE_TESTABILITY = YES;
				ENABLE_USER_SCRIPT_SANDBOXING = YES;
				GCC_C_LANGUAGE_STANDARD = gnu17;
				GCC_DYNAMIC_NO_PIC = NO;
				GCC_NO_COMMON_BLOCKS = YES;
				GCC_OPTIMIZATION_LEVEL = 0;
				GCC_PREPROCESSOR_DEFINITIONS = (
					"DEBUG=1",
					"$(inherited)",
				);
				GCC_WARN_64_TO_32_BIT_CONVERSION = YES;
				GCC_WARN_ABOUT_RETURN_TYPE = YES_ERROR;
				GCC_WARN_UNDECLARED_SELECTOR = YES;
				GCC_WARN_UNINITIALIZED_AUTOS = YES_AGGRESSIVE;
				GCC_WARN_UNUSED_FUNCTION = YES;
				GCC_WARN_UNUSED_VARIABLE = YES;
				IPHONEOS_DEPLOYMENT_TARGET = 17.4;
				LOCALIZATION_PREFERS_STRING_CATALOGS = YES;
				MTL_ENABLE_DEBUG_INFO = INCLUDE_SOURCE;
				MTL_FAST_MATH = YES;
				ONLY_ACTIVE_ARCH = YES;
				SDKROOT = iphoneos;
				SWIFT_ACTIVE_COMPILATION_CONDITIONS = "DEBUG $(inherited)";
				SWIFT_OPTIMIZATION_LEVEL = "-Onone";
			};
			name = Debug;
		};
		CEB4EC1A2CBA18FD004D3599 /* Release */ = {
			isa = XCBuildConfiguration;
			buildSettings = {
				ALWAYS_SEARCH_USER_PATHS = NO;
				ASSETCATALOG_COMPILER_GENERATE_SWIFT_ASSET_SYMBOL_EXTENSIONS = YES;
				CLANG_ANALYZER_NONNULL = YES;
				CLANG_ANALYZER_NUMBER_OBJECT_CONVERSION = YES_AGGRESSIVE;
				CLANG_CXX_LANGUAGE_STANDARD = "gnu++20";
				CLANG_ENABLE_MODULES = YES;
				CLANG_ENABLE_OBJC_ARC = YES;
				CLANG_ENABLE_OBJC_WEAK = YES;
				CLANG_WARN_BLOCK_CAPTURE_AUTORELEASING = YES;
				CLANG_WARN_BOOL_CONVERSION = YES;
				CLANG_WARN_COMMA = YES;
				CLANG_WARN_CONSTANT_CONVERSION = YES;
				CLANG_WARN_DEPRECATED_OBJC_IMPLEMENTATIONS = YES;
				CLANG_WARN_DIRECT_OBJC_ISA_USAGE = YES_ERROR;
				CLANG_WARN_DOCUMENTATION_COMMENTS = YES;
				CLANG_WARN_EMPTY_BODY = YES;
				CLANG_WARN_ENUM_CONVERSION = YES;
				CLANG_WARN_INFINITE_RECURSION = YES;
				CLANG_WARN_INT_CONVERSION = YES;
				CLANG_WARN_NON_LITERAL_NULL_CONVERSION = YES;
				CLANG_WARN_OBJC_IMPLICIT_RETAIN_SELF = YES;
				CLANG_WARN_OBJC_LITERAL_CONVERSION = YES;
				CLANG_WARN_OBJC_ROOT_CLASS = YES_ERROR;
				CLANG_WARN_QUOTED_INCLUDE_IN_FRAMEWORK_HEADER = YES;
				CLANG_WARN_RANGE_LOOP_ANALYSIS = YES;
				CLANG_WARN_STRICT_PROTOTYPES = YES;
				CLANG_WARN_SUSPICIOUS_MOVE = YES;
				CLANG_WARN_UNGUARDED_AVAILABILITY = YES_AGGRESSIVE;
				CLANG_WARN_UNREACHABLE_CODE = YES;
				CLANG_WARN__DUPLICATE_METHOD_MATCH = YES;
				COPY_PHASE_STRIP = NO;
				DEBUG_INFORMATION_FORMAT = "dwarf-with-dsym";
				ENABLE_NS_ASSERTIONS = NO;
				ENABLE_STRICT_OBJC_MSGSEND = YES;
				ENABLE_USER_SCRIPT_SANDBOXING = YES;
				GCC_C_LANGUAGE_STANDARD = gnu17;
				GCC_NO_COMMON_BLOCKS = YES;
				GCC_WARN_64_TO_32_BIT_CONVERSION = YES;
				GCC_WARN_ABOUT_RETURN_TYPE = YES_ERROR;
				GCC_WARN_UNDECLARED_SELECTOR = YES;
				GCC_WARN_UNINITIALIZED_AUTOS = YES_AGGRESSIVE;
				GCC_WARN_UNUSED_FUNCTION = YES;
				GCC_WARN_UNUSED_VARIABLE = YES;
				IPHONEOS_DEPLOYMENT_TARGET = 17.4;
				LOCALIZATION_PREFERS_STRING_CATALOGS = YES;
				MTL_ENABLE_DEBUG_INFO = NO;
				MTL_FAST_MATH = YES;
				SDKROOT = iphoneos;
				SWIFT_COMPILATION_MODE = wholemodule;
				VALIDATE_PRODUCT = YES;
			};
			name = Release;
		};
		CEB4EC1C2CBA18FD004D3599 /* Debug */ = {
			isa = XCBuildConfiguration;
			buildSettings = {
				ASSETCATALOG_COMPILER_APPICON_NAME = AppIcon;
				ASSETCATALOG_COMPILER_GLOBAL_ACCENT_COLOR_NAME = AccentColor;
				CODE_SIGN_STYLE = Automatic;
				CURRENT_PROJECT_VERSION = 1;
				DEVELOPMENT_ASSET_PATHS = "\"ShkarovskyProjectApp/Preview Content\"";
				ENABLE_PREVIEWS = YES;
				GENERATE_INFOPLIST_FILE = YES;
				INFOPLIST_KEY_UIApplicationSceneManifest_Generation = YES;
				INFOPLIST_KEY_UIApplicationSupportsIndirectInputEvents = YES;
				INFOPLIST_KEY_UILaunchScreen_Generation = YES;
				INFOPLIST_KEY_UISupportedInterfaceOrientations_iPad = "UIInterfaceOrientationPortrait UIInterfaceOrientationPortraitUpsideDown UIInterfaceOrientationLandscapeLeft UIInterfaceOrientationLandscapeRight";
				INFOPLIST_KEY_UISupportedInterfaceOrientations_iPhone = "UIInterfaceOrientationPortrait UIInterfaceOrientationLandscapeLeft UIInterfaceOrientationLandscapeRight";
				LD_RUNPATH_SEARCH_PATHS = (
					"$(inherited)",
					"@executable_path/Frameworks",
				);
				MARKETING_VERSION = 1.0;
				PRODUCT_BUNDLE_IDENTIFIER = me.ShkarovskyProjectApp;
				PRODUCT_NAME = "$(TARGET_NAME)";
				SWIFT_EMIT_LOC_STRINGS = YES;
				SWIFT_VERSION = 5.0;
				TARGETED_DEVICE_FAMILY = "1,2";
			};
			name = Debug;
		};
		CEB4EC1D2CBA18FD004D3599 /* Release */ = {
			isa = XCBuildConfiguration;
			buildSettings = {
				ASSETCATALOG_COMPILER_APPICON_NAME = AppIcon;
				ASSETCATALOG_COMPILER_GLOBAL_ACCENT_COLOR_NAME = AccentColor;
				CODE_SIGN_STYLE = Automatic;
				CURRENT_PROJECT_VERSION = 1;
				DEVELOPMENT_ASSET_PATHS = "\"ShkarovskyProjectApp/Preview Content\"";
				ENABLE_PREVIEWS = YES;
				GENERATE_INFOPLIST_FILE = YES;
				INFOPLIST_KEY_UIApplicationSceneManifest_Generation = YES;
				INFOPLIST_KEY_UIApplicationSupportsIndirectInputEvents = YES;
				INFOPLIST_KEY_UILaunchScreen_Generation = YES;
				INFOPLIST_KEY_UISupportedInterfaceOrientations_iPad = "UIInterfaceOrientationPortrait UIInterfaceOrientationPortraitUpsideDown UIInterfaceOrientationLandscapeLeft UIInterfaceOrientationLandscapeRight";
				INFOPLIST_KEY_UISupportedInterfaceOrientations_iPhone = "UIInterfaceOrientationPortrait UIInterfaceOrientationLandscapeLeft UIInterfaceOrientationLandscapeRight";
				LD_RUNPATH_SEARCH_PATHS = (
					"$(inherited)",
					"@executable_path/Frameworks",
				);
				MARKETING_VERSION = 1.0;
				PRODUCT_BUNDLE_IDENTIFIER = me.ShkarovskyProjectApp;
				PRODUCT_NAME = "$(TARGET_NAME)";
				SWIFT_EMIT_LOC_STRINGS = YES;
				SWIFT_VERSION = 5.0;
				TARGETED_DEVICE_FAMILY = "1,2";
			};
			name = Release;
		};
		CEB4EC1F2CBA18FD004D3599 /* Debug */ = {
			isa = XCBuildConfiguration;
			buildSettings = {
				ALWAYS_EMBED_SWIFT_STANDARD_LIBRARIES = YES;
				BUNDLE_LOADER = "$(TEST_HOST)";
				CODE_SIGN_STYLE = Automatic;
				CURRENT_PROJECT_VERSION = 1;
				GENERATE_INFOPLIST_FILE = YES;
				IPHONEOS_DEPLOYMENT_TARGET = 17.4;
				MARKETING_VERSION = 1.0;
				PRODUCT_BUNDLE_IDENTIFIER = me.ShkarovskyProjectAppTests;
				PRODUCT_NAME = "$(TARGET_NAME)";
				SWIFT_EMIT_LOC_STRINGS = NO;
				SWIFT_VERSION = 5.0;
				TARGETED_DEVICE_FAMILY = "1,2";
				TEST_HOST = "$(BUILT_PRODUCTS_DIR)/ShkarovskyProjectApp.app/$(BUNDLE_EXECUTABLE_FOLDER_PATH)/ShkarovskyProjectApp";
			};
			name = Debug;
		};
		CEB4EC202CBA18FD004D3599 /* Release */ = {
			isa = XCBuildConfiguration;
			buildSettings = {
				ALWAYS_EMBED_SWIFT_STANDARD_LIBRARIES = YES;
				BUNDLE_LOADER = "$(TEST_HOST)";
				CODE_SIGN_STYLE = Automatic;
				CURRENT_PROJECT_VERSION = 1;
				GENERATE_INFOPLIST_FILE = YES;
				IPHONEOS_DEPLOYMENT_TARGET = 17.4;
				MARKETING_VERSION = 1.0;
				PRODUCT_BUNDLE_IDENTIFIER = me.ShkarovskyProjectAppTests;
				PRODUCT_NAME = "$(TARGET_NAME)";
				SWIFT_EMIT_LOC_STRINGS = NO;
				SWIFT_VERSION = 5.0;
				TARGETED_DEVICE_FAMILY = "1,2";
				TEST_HOST = "$(BUILT_PRODUCTS_DIR)/ShkarovskyProjectApp.app/$(BUNDLE_EXECUTABLE_FOLDER_PATH)/ShkarovskyProjectApp";
			};
			name = Release;
		};
		CEB4EC222CBA18FD004D3599 /* Debug */ = {
			isa = XCBuildConfiguration;
			buildSettings = {
				ALWAYS_EMBED_SWIFT_STANDARD_LIBRARIES = YES;
				CODE_SIGN_STYLE = Automatic;
				CURRENT_PROJECT_VERSION = 1;
				GENERATE_INFOPLIST_FILE = YES;
				MARKETING_VERSION = 1.0;
				PRODUCT_BUNDLE_IDENTIFIER = me.ShkarovskyProjectAppUITests;
				PRODUCT_NAME = "$(TARGET_NAME)";
				SWIFT_EMIT_LOC_STRINGS = NO;
				SWIFT_VERSION = 5.0;
				TARGETED_DEVICE_FAMILY = "1,2";
				TEST_TARGET_NAME = ShkarovskyProjectApp;
			};
			name = Debug;
		};
		CEB4EC232CBA18FD004D3599 /* Release */ = {
			isa = XCBuildConfiguration;
			buildSettings = {
				ALWAYS_EMBED_SWIFT_STANDARD_LIBRARIES = YES;
				CODE_SIGN_STYLE = Automatic;
				CURRENT_PROJECT_VERSION = 1;
				GENERATE_INFOPLIST_FILE = YES;
				MARKETING_VERSION = 1.0;
				PRODUCT_BUNDLE_IDENTIFIER = me.ShkarovskyProjectAppUITests;
				PRODUCT_NAME = "$(TARGET_NAME)";
				SWIFT_EMIT_LOC_STRINGS = NO;
				SWIFT_VERSION = 5.0;
				TARGETED_DEVICE_FAMILY = "1,2";
				TEST_TARGET_NAME = ShkarovskyProjectApp;
			};
			name = Release;
		};
/* End XCBuildConfiguration section */

/* Begin XCConfigurationList section */
		CEB4EBF22CBA18FB004D3599 /* Build configuration list for PBXProject "ShkarovskyProjectApp" */ = {
			isa = XCConfigurationList;
			buildConfigurations = (
				CEB4EC192CBA18FD004D3599 /* Debug */,
				CEB4EC1A2CBA18FD004D3599 /* Release */,
			);
			defaultConfigurationIsVisible = 0;
			defaultConfigurationName = Release;
		};
		CEB4EC1B2CBA18FD004D3599 /* Build configuration list for PBXNativeTarget "ShkarovskyProjectApp" */ = {
			isa = XCConfigurationList;
			buildConfigurations = (
				CEB4EC1C2CBA18FD004D3599 /* Debug */,
				CEB4EC1D2CBA18FD004D3599 /* Release */,
			);
			defaultConfigurationIsVisible = 0;
			defaultConfigurationName = Release;
		};
		CEB4EC1E2CBA18FD004D3599 /* Build configuration list for PBXNativeTarget "ShkarovskyProjectAppTests" */ = {
			isa = XCConfigurationList;
			buildConfigurations = (
				CEB4EC1F2CBA18FD004D3599 /* Debug */,
				CEB4EC202CBA18FD004D3599 /* Release */,
			);
			defaultConfigurationIsVisible = 0;
			defaultConfigurationName = Release;
		};
		CEB4EC212CBA18FD004D3599 /* Build configuration list for PBXNativeTarget "ShkarovskyProjectAppUITests" */ = {
			isa = XCConfigurationList;
			buildConfigurations = (
				CEB4EC222CBA18FD004D3599 /* Debug */,
				CEB4EC232CBA18FD004D3599 /* Release */,
			);
			defaultConfigurationIsVisible = 0;
			defaultConfigurationName = Release;
		};
/* End XCConfigurationList section */
	};
	rootObject = CEB4EBEF2CBA18FB004D3599 /* Project object */;
}
